dependencies:
- name: mariadb
  repository: https://charts.bitnami.com/bitnami
  version: 9.6.2
- name: redis
  repository: https://charts.bitnami.com/bitnami
  version: 15.4.1
digest: sha256:493786ca1f968f901e64d6e3071d791abdc9ae7af32c37ecab0a7aaab7c3c7b7
generated: "2021-10-18T20:37:51.43371755+01:00"
